
Microsoft Visual Studio Solution File, Format Version 12.00
# Visual Studio Version 16
VisualStudioVersion = 16.0.30804.86
MinimumVisualStudioVersion = 10.0.40219.1
Project("{2150E333-8FDC-42A3-9474-1A3956D46DE8}") = "1.0 - Presentation", "1.0 - Presentation", "{10E7A39E-CA08-46C9-B849-19C40A9AC77C}"
EndProject
Project("{2150E333-8FDC-42A3-9474-1A3956D46DE8}") = "2.0 - Application", "2.0 - Application", "{9BB23D6C-781F-475C-A692-8AF81191BD90}"
EndProject
Project("{2150E333-8FDC-42A3-9474-1A3956D46DE8}") = "3.0 - Domain", "3.0 - Domain", "{C3F85B62-FC76-4CA4-8538-8A6AE145F0B4}"
EndProject
Project("{2150E333-8FDC-42A3-9474-1A3956D46DE8}") = "4.0 - Infrastructure", "4.0 - Infrastructure", "{08FA614B-F9F3-4AF7-A4B5-9027C407286B}"
EndProject
Project("{9A19103F-16F7-4668-BE54-9A1E7A4F7556}") = "Domain", "Domain\Domain.csproj", "{C961ED23-2FC5-4D81-87FF-FC502EB56E1F}"
EndProject
Project("{9A19103F-16F7-4668-BE54-9A1E7A4F7556}") = "Core", "Core\Core.csproj", "{5D192840-E63C-4034-8145-D649751FCE48}"
EndProject
Project("{9A19103F-16F7-4668-BE54-9A1E7A4F7556}") = "Services", "Services\Services.csproj", "{C5EAC0A9-97F1-4BB4-A774-6DBD62111AB6}"
EndProject
Project("{9A19103F-16F7-4668-BE54-9A1E7A4F7556}") = "Application", "Application\Application.csproj", "{8781408C-36BE-43EF-BFF6-82CC0FDFE693}"
EndProject
Project("{9A19103F-16F7-4668-BE54-9A1E7A4F7556}") = "ApplicationDTO", "ApplicationDTO\ApplicationDTO.csproj", "{B262763F-5F80-423A-90CA-150BB478F10C}"
EndProject
Project("{2150E333-8FDC-42A3-9474-1A3956D46DE8}") = "4.1 - Data", "4.1 - Data", "{08A119E0-51E1-46AE-9A2E-DD41B79890A9}"
EndProject
Project("{9A19103F-16F7-4668-BE54-9A1E7A4F7556}") = "Data", "Data\Data.csproj", "{D578C21B-47C6-4F58-BA3C-272DFF0DB3B6}"
EndProject
Project("{9A19103F-16F7-4668-BE54-9A1E7A4F7556}") = "Repository", "Repository\Repository.csproj", "{D866B83C-497F-46B9-BB2D-0E610B48E829}"
EndProject
Project("{2150E333-8FDC-42A3-9474-1A3956D46DE8}") = "4.2 - CrossCutting", "4.2 - CrossCutting", "{58D1CDEE-EC10-484E-89AD-6DA93E4F5CC3}"
EndProject
Project("{9A19103F-16F7-4668-BE54-9A1E7A4F7556}") = "Adapter", "Adapter\Adapter.csproj", "{D575645E-175F-45A1-9F77-3BAD746E1603}"
EndProject
Project("{9A19103F-16F7-4668-BE54-9A1E7A4F7556}") = "IoC", "IoC\IoC.csproj", "{725A51F0-A10C-4C18-9731-788518B2A090}"
EndProject
Project("{9A19103F-16F7-4668-BE54-9A1E7A4F7556}") = "Presentation", "Presentation\Presentation.csproj", "{010699D6-9B4B-41F2-9714-95B9A9888CFA}"
EndProject
Global
	GlobalSection(SolutionConfigurationPlatforms) = preSolution
		Debug|Any CPU = Debug|Any CPU
		Release|Any CPU = Release|Any CPU
	EndGlobalSection
	GlobalSection(ProjectConfigurationPlatforms) = postSolution
		{C961ED23-2FC5-4D81-87FF-FC502EB56E1F}.Debug|Any CPU.ActiveCfg = Debug|Any CPU
		{C961ED23-2FC5-4D81-87FF-FC502EB56E1F}.Debug|Any CPU.Build.0 = Debug|Any CPU
		{C961ED23-2FC5-4D81-87FF-FC502EB56E1F}.Release|Any CPU.ActiveCfg = Release|Any CPU
		{C961ED23-2FC5-4D81-87FF-FC502EB56E1F}.Release|Any CPU.Build.0 = Release|Any CPU
		{5D192840-E63C-4034-8145-D649751FCE48}.Debug|Any CPU.ActiveCfg = Debug|Any CPU
		{5D192840-E63C-4034-8145-D649751FCE48}.Debug|Any CPU.Build.0 = Debug|Any CPU
		{5D192840-E63C-4034-8145-D649751FCE48}.Release|Any CPU.ActiveCfg = Release|Any CPU
		{5D192840-E63C-4034-8145-D649751FCE48}.Release|Any CPU.Build.0 = Release|Any CPU
		{C5EAC0A9-97F1-4BB4-A774-6DBD62111AB6}.Debug|Any CPU.ActiveCfg = Debug|Any CPU
		{C5EAC0A9-97F1-4BB4-A774-6DBD62111AB6}.Debug|Any CPU.Build.0 = Debug|Any CPU
		{C5EAC0A9-97F1-4BB4-A774-6DBD62111AB6}.Release|Any CPU.ActiveCfg = Release|Any CPU
		{C5EAC0A9-97F1-4BB4-A774-6DBD62111AB6}.Release|Any CPU.Build.0 = Release|Any CPU
		{8781408C-36BE-43EF-BFF6-82CC0FDFE693}.Debug|Any CPU.ActiveCfg = Debug|Any CPU
		{8781408C-36BE-43EF-BFF6-82CC0FDFE693}.Debug|Any CPU.Build.0 = Debug|Any CPU
		{8781408C-36BE-43EF-BFF6-82CC0FDFE693}.Release|Any CPU.ActiveCfg = Release|Any CPU
		{8781408C-36BE-43EF-BFF6-82CC0FDFE693}.Release|Any CPU.Build.0 = Release|Any CPU
		{B262763F-5F80-423A-90CA-150BB478F10C}.Debug|Any CPU.ActiveCfg = Debug|Any CPU
		{B262763F-5F80-423A-90CA-150BB478F10C}.Debug|Any CPU.Build.0 = Debug|Any CPU
		{B262763F-5F80-423A-90CA-150BB478F10C}.Release|Any CPU.ActiveCfg = Release|Any CPU
		{B262763F-5F80-423A-90CA-150BB478F10C}.Release|Any CPU.Build.0 = Release|Any CPU
		{D578C21B-47C6-4F58-BA3C-272DFF0DB3B6}.Debug|Any CPU.ActiveCfg = Debug|Any CPU
		{D578C21B-47C6-4F58-BA3C-272DFF0DB3B6}.Debug|Any CPU.Build.0 = Debug|Any CPU
		{D578C21B-47C6-4F58-BA3C-272DFF0DB3B6}.Release|Any CPU.ActiveCfg = Release|Any CPU
		{D578C21B-47C6-4F58-BA3C-272DFF0DB3B6}.Release|Any CPU.Build.0 = Release|Any CPU
		{D866B83C-497F-46B9-BB2D-0E610B48E829}.Debug|Any CPU.ActiveCfg = Debug|Any CPU
		{D866B83C-497F-46B9-BB2D-0E610B48E829}.Debug|Any CPU.Build.0 = Debug|Any CPU
		{D866B83C-497F-46B9-BB2D-0E610B48E829}.Release|Any CPU.ActiveCfg = Release|Any CPU
		{D866B83C-497F-46B9-BB2D-0E610B48E829}.Release|Any CPU.Build.0 = Release|Any CPU
		{D575645E-175F-45A1-9F77-3BAD746E1603}.Debug|Any CPU.ActiveCfg = Debug|Any CPU
		{D575645E-175F-45A1-9F77-3BAD746E1603}.Debug|Any CPU.Build.0 = Debug|Any CPU
		{D575645E-175F-45A1-9F77-3BAD746E1603}.Release|Any CPU.ActiveCfg = Release|Any CPU
		{D575645E-175F-45A1-9F77-3BAD746E1603}.Release|Any CPU.Build.0 = Release|Any CPU
		{725A51F0-A10C-4C18-9731-788518B2A090}.Debug|Any CPU.ActiveCfg = Debug|Any CPU
		{725A51F0-A10C-4C18-9731-788518B2A090}.Debug|Any CPU.Build.0 = Debug|Any CPU
		{725A51F0-A10C-4C18-9731-788518B2A090}.Release|Any CPU.ActiveCfg = Release|Any CPU
		{725A51F0-A10C-4C18-9731-788518B2A090}.Release|Any CPU.Build.0 = Release|Any CPU
		{010699D6-9B4B-41F2-9714-95B9A9888CFA}.Debug|Any CPU.ActiveCfg = Debug|Any CPU
		{010699D6-9B4B-41F2-9714-95B9A9888CFA}.Debug|Any CPU.Build.0 = Debug|Any CPU
		{010699D6-9B4B-41F2-9714-95B9A9888CFA}.Release|Any CPU.ActiveCfg = Release|Any CPU
		{010699D6-9B4B-41F2-9714-95B9A9888CFA}.Release|Any CPU.Build.0 = Release|Any CPU
	EndGlobalSection
	GlobalSection(SolutionProperties) = preSolution
		HideSolutionNode = FALSE
	EndGlobalSection
	GlobalSection(NestedProjects) = preSolution
		{C961ED23-2FC5-4D81-87FF-FC502EB56E1F} = {C3F85B62-FC76-4CA4-8538-8A6AE145F0B4}
		{5D192840-E63C-4034-8145-D649751FCE48} = {C3F85B62-FC76-4CA4-8538-8A6AE145F0B4}
		{C5EAC0A9-97F1-4BB4-A774-6DBD62111AB6} = {C3F85B62-FC76-4CA4-8538-8A6AE145F0B4}
		{8781408C-36BE-43EF-BFF6-82CC0FDFE693} = {9BB23D6C-781F-475C-A692-8AF81191BD90}
		{B262763F-5F80-423A-90CA-150BB478F10C} = {9BB23D6C-781F-475C-A692-8AF81191BD90}
		{08A119E0-51E1-46AE-9A2E-DD41B79890A9} = {08FA614B-F9F3-4AF7-A4B5-9027C407286B}
		{D578C21B-47C6-4F58-BA3C-272DFF0DB3B6} = {08A119E0-51E1-46AE-9A2E-DD41B79890A9}
		{D866B83C-497F-46B9-BB2D-0E610B48E829} = {08A119E0-51E1-46AE-9A2E-DD41B79890A9}
		{58D1CDEE-EC10-484E-89AD-6DA93E4F5CC3} = {08FA614B-F9F3-4AF7-A4B5-9027C407286B}
		{D575645E-175F-45A1-9F77-3BAD746E1603} = {58D1CDEE-EC10-484E-89AD-6DA93E4F5CC3}
		{725A51F0-A10C-4C18-9731-788518B2A090} = {58D1CDEE-EC10-484E-89AD-6DA93E4F5CC3}
		{010699D6-9B4B-41F2-9714-95B9A9888CFA} = {10E7A39E-CA08-46C9-B849-19C40A9AC77C}
	EndGlobalSection
	GlobalSection(ExtensibilityGlobals) = postSolution
		SolutionGuid = {871A5AB9-AEEA-4B0F-8435-75F50FC5ED97}
	EndGlobalSection
EndGlobal
